
Microsoft Visual Studio Solution File, Format Version 12.00
# Visual Studio 14
VisualStudioVersion = 14.0.25420.1
MinimumVisualStudioVersion = 10.0.40219.1
Project("{FAE04EC0-301F-11D3-BF4B-00C04F79EFBC}") = "ChoixResto", "ChoixResto\ChoixResto.csproj", "{28940F08-D812-42E1-940C-4299E702959C}"
EndProject
Project("{FAE04EC0-301F-11D3-BF4B-00C04F79EFBC}") = "ChoixResto.Tests", "ChoixResto.Tests\ChoixResto.Tests.csproj", "{C2821984-D64C-40E7-8606-C04EE92CA304}"
EndProject
Global
	GlobalSection(SolutionConfigurationPlatforms) = preSolution
		Debug|Any CPU = Debug|Any CPU
		Release|Any CPU = Release|Any CPU
	EndGlobalSection
	GlobalSection(ProjectConfigurationPlatforms) = postSolution
		{28940F08-D812-42E1-940C-4299E702959C}.Debug|Any CPU.ActiveCfg = Debug|Any CPU
		{28940F08-D812-42E1-940C-4299E702959C}.Debug|Any CPU.Build.0 = Debug|Any CPU
		{28940F08-D812-42E1-940C-4299E702959C}.Release|Any CPU.ActiveCfg = Release|Any CPU
		{28940F08-D812-42E1-940C-4299E702959C}.Release|Any CPU.Build.0 = Release|Any CPU
		{C2821984-D64C-40E7-8606-C04EE92CA304}.Debug|Any CPU.ActiveCfg = Debug|Any CPU
		{C2821984-D64C-40E7-8606-C04EE92CA304}.Debug|Any CPU.Build.0 = Debug|Any CPU
		{C2821984-D64C-40E7-8606-C04EE92CA304}.Release|Any CPU.ActiveCfg = Release|Any CPU
		{C2821984-D64C-40E7-8606-C04EE92CA304}.Release|Any CPU.Build.0 = Release|Any CPU
	EndGlobalSection
	GlobalSection(SolutionProperties) = preSolution
		HideSolutionNode = FALSE
	EndGlobalSection
EndGlobal
